
Microsoft Visual Studio Solution File, Format Version 11.00
# Visual Studio 2010
Project("{FAE04EC0-301F-11D3-BF4B-00C04F79EFBC}") = "DimaCalc", "DimaCalc\DimaCalc.csproj", "{9DC3D268-8AE9-4D35-805B-390E6356BC2B}"
EndProject
Global
	GlobalSection(SolutionConfigurationPlatforms) = preSolution
		Debug|x86 = Debug|x86
		Release|x86 = Release|x86
	EndGlobalSection
	GlobalSection(ProjectConfigurationPlatforms) = postSolution
		{9DC3D268-8AE9-4D35-805B-390E6356BC2B}.Debug|x86.ActiveCfg = Debug|x86
		{9DC3D268-8AE9-4D35-805B-390E6356BC2B}.Debug|x86.Build.0 = Debug|x86
		{9DC3D268-8AE9-4D35-805B-390E6356BC2B}.Release|x86.ActiveCfg = Release|x86
		{9DC3D268-8AE9-4D35-805B-390E6356BC2B}.Release|x86.Build.0 = Release|x86
	EndGlobalSection
	GlobalSection(SolutionProperties) = preSolution
		HideSolutionNode = FALSE
	EndGlobalSection
EndGlobal
